
Microsoft Visual Studio Solution File, Format Version 12.00
# Visual Studio Version 17
VisualStudioVersion = 17.10.35122.118
MinimumVisualStudioVersion = 10.0.40219.1
Project("{FAE04EC0-301F-11D3-BF4B-00C04F79EFBC}") = "aknakereso", "aknakereso\aknakereso.csproj", "{6593BF12-1563-489D-BD24-506CAA450A28}"
EndProject
Global
	GlobalSection(SolutionConfigurationPlatforms) = preSolution
		Debug|Any CPU = Debug|Any CPU
		Release|Any CPU = Release|Any CPU
	EndGlobalSection
	GlobalSection(ProjectConfigurationPlatforms) = postSolution
		{6593BF12-1563-489D-BD24-506CAA450A28}.Debug|Any CPU.ActiveCfg = Debug|Any CPU
		{6593BF12-1563-489D-BD24-506CAA450A28}.Debug|Any CPU.Build.0 = Debug|Any CPU
		{6593BF12-1563-489D-BD24-506CAA450A28}.Release|Any CPU.ActiveCfg = Release|Any CPU
		{6593BF12-1563-489D-BD24-506CAA450A28}.Release|Any CPU.Build.0 = Release|Any CPU
	EndGlobalSection
	GlobalSection(SolutionProperties) = preSolution
		HideSolutionNode = FALSE
	EndGlobalSection
	GlobalSection(ExtensibilityGlobals) = postSolution
		SolutionGuid = {5E083019-058F-4094-820F-C0729D3CD968}
	EndGlobalSection
EndGlobal
