
Microsoft Visual Studio Solution File, Format Version 12.00
# Visual Studio Version 17
VisualStudioVersion = 17.10.35122.118
MinimumVisualStudioVersion = 10.0.40219.1
Project("{FAE04EC0-301F-11D3-BF4B-00C04F79EFBC}") = "ablakablakban", "ablakablakban\ablakablakban.csproj", "{EEDD6EE5-C003-480F-BA64-95E9E7C6A9F7}"
EndProject
Global
	GlobalSection(SolutionConfigurationPlatforms) = preSolution
		Debug|Any CPU = Debug|Any CPU
		Release|Any CPU = Release|Any CPU
	EndGlobalSection
	GlobalSection(ProjectConfigurationPlatforms) = postSolution
		{EEDD6EE5-C003-480F-BA64-95E9E7C6A9F7}.Debug|Any CPU.ActiveCfg = Debug|Any CPU
		{EEDD6EE5-C003-480F-BA64-95E9E7C6A9F7}.Debug|Any CPU.Build.0 = Debug|Any CPU
		{EEDD6EE5-C003-480F-BA64-95E9E7C6A9F7}.Release|Any CPU.ActiveCfg = Release|Any CPU
		{EEDD6EE5-C003-480F-BA64-95E9E7C6A9F7}.Release|Any CPU.Build.0 = Release|Any CPU
	EndGlobalSection
	GlobalSection(SolutionProperties) = preSolution
		HideSolutionNode = FALSE
	EndGlobalSection
	GlobalSection(ExtensibilityGlobals) = postSolution
		SolutionGuid = {6D8DA86E-B719-4126-80A9-43E351CC0093}
	EndGlobalSection
EndGlobal
