
Microsoft Visual Studio Solution File, Format Version 12.00
# Visual Studio Version 17
VisualStudioVersion = 17.10.35122.118
MinimumVisualStudioVersion = 10.0.40219.1
Project("{FAE04EC0-301F-11D3-BF4B-00C04F79EFBC}") = "ujablak", "ujablak\ujablak.csproj", "{6914245D-6339-4921-8A5C-A2BB15A823FF}"
EndProject
Global
	GlobalSection(SolutionConfigurationPlatforms) = preSolution
		Debug|Any CPU = Debug|Any CPU
		Release|Any CPU = Release|Any CPU
	EndGlobalSection
	GlobalSection(ProjectConfigurationPlatforms) = postSolution
		{6914245D-6339-4921-8A5C-A2BB15A823FF}.Debug|Any CPU.ActiveCfg = Debug|Any CPU
		{6914245D-6339-4921-8A5C-A2BB15A823FF}.Debug|Any CPU.Build.0 = Debug|Any CPU
		{6914245D-6339-4921-8A5C-A2BB15A823FF}.Release|Any CPU.ActiveCfg = Release|Any CPU
		{6914245D-6339-4921-8A5C-A2BB15A823FF}.Release|Any CPU.Build.0 = Release|Any CPU
	EndGlobalSection
	GlobalSection(SolutionProperties) = preSolution
		HideSolutionNode = FALSE
	EndGlobalSection
	GlobalSection(ExtensibilityGlobals) = postSolution
		SolutionGuid = {E81AA520-0A6D-40B1-9FCB-DF9DC2FE4A9D}
	EndGlobalSection
EndGlobal
