
Microsoft Visual Studio Solution File, Format Version 12.00
# Visual Studio Version 17
VisualStudioVersion = 17.10.35122.118
MinimumVisualStudioVersion = 10.0.40219.1
Project("{FAE04EC0-301F-11D3-BF4B-00C04F79EFBC}") = "100 név1", "100 név1\100 név1.csproj", "{954E5D14-A43E-41F8-9409-369F91ED11D3}"
EndProject
Global
	GlobalSection(SolutionConfigurationPlatforms) = preSolution
		Debug|Any CPU = Debug|Any CPU
		Release|Any CPU = Release|Any CPU
	EndGlobalSection
	GlobalSection(ProjectConfigurationPlatforms) = postSolution
		{954E5D14-A43E-41F8-9409-369F91ED11D3}.Debug|Any CPU.ActiveCfg = Debug|Any CPU
		{954E5D14-A43E-41F8-9409-369F91ED11D3}.Debug|Any CPU.Build.0 = Debug|Any CPU
		{954E5D14-A43E-41F8-9409-369F91ED11D3}.Release|Any CPU.ActiveCfg = Release|Any CPU
		{954E5D14-A43E-41F8-9409-369F91ED11D3}.Release|Any CPU.Build.0 = Release|Any CPU
	EndGlobalSection
	GlobalSection(SolutionProperties) = preSolution
		HideSolutionNode = FALSE
	EndGlobalSection
	GlobalSection(ExtensibilityGlobals) = postSolution
		SolutionGuid = {2BBF528E-0639-4658-A2E8-16C50CB6D209}
	EndGlobalSection
EndGlobal
