
Microsoft Visual Studio Solution File, Format Version 12.00
# Visual Studio Version 17
VisualStudioVersion = 17.10.35122.118
MinimumVisualStudioVersion = 10.0.40219.1
Project("{FAE04EC0-301F-11D3-BF4B-00C04F79EFBC}") = "JackieConsole", "JackieConsole\JackieConsole.csproj", "{73E0980E-D7AC-480B-B934-5B0C05011FD5}"
EndProject
Global
	GlobalSection(SolutionConfigurationPlatforms) = preSolution
		Debug|Any CPU = Debug|Any CPU
		Release|Any CPU = Release|Any CPU
	EndGlobalSection
	GlobalSection(ProjectConfigurationPlatforms) = postSolution
		{73E0980E-D7AC-480B-B934-5B0C05011FD5}.Debug|Any CPU.ActiveCfg = Debug|Any CPU
		{73E0980E-D7AC-480B-B934-5B0C05011FD5}.Debug|Any CPU.Build.0 = Debug|Any CPU
		{73E0980E-D7AC-480B-B934-5B0C05011FD5}.Release|Any CPU.ActiveCfg = Release|Any CPU
		{73E0980E-D7AC-480B-B934-5B0C05011FD5}.Release|Any CPU.Build.0 = Release|Any CPU
	EndGlobalSection
	GlobalSection(SolutionProperties) = preSolution
		HideSolutionNode = FALSE
	EndGlobalSection
	GlobalSection(ExtensibilityGlobals) = postSolution
		SolutionGuid = {23B8E9CC-50E8-4ED6-956D-599DA6571281}
	EndGlobalSection
EndGlobal
