
Microsoft Visual Studio Solution File, Format Version 12.00
# Visual Studio Version 17
VisualStudioVersion = 17.10.35122.118
MinimumVisualStudioVersion = 10.0.40219.1
Project("{FAE04EC0-301F-11D3-BF4B-00C04F79EFBC}") = "tanciskola", "tanciskola\tanciskola.csproj", "{C05A69FB-DC54-4A91-BA80-3F9B2A8929AD}"
EndProject
Global
	GlobalSection(SolutionConfigurationPlatforms) = preSolution
		Debug|Any CPU = Debug|Any CPU
		Release|Any CPU = Release|Any CPU
	EndGlobalSection
	GlobalSection(ProjectConfigurationPlatforms) = postSolution
		{C05A69FB-DC54-4A91-BA80-3F9B2A8929AD}.Debug|Any CPU.ActiveCfg = Debug|Any CPU
		{C05A69FB-DC54-4A91-BA80-3F9B2A8929AD}.Debug|Any CPU.Build.0 = Debug|Any CPU
		{C05A69FB-DC54-4A91-BA80-3F9B2A8929AD}.Release|Any CPU.ActiveCfg = Release|Any CPU
		{C05A69FB-DC54-4A91-BA80-3F9B2A8929AD}.Release|Any CPU.Build.0 = Release|Any CPU
	EndGlobalSection
	GlobalSection(SolutionProperties) = preSolution
		HideSolutionNode = FALSE
	EndGlobalSection
	GlobalSection(ExtensibilityGlobals) = postSolution
		SolutionGuid = {06779495-F63B-483D-9BC4-77C6AFDD5F67}
	EndGlobalSection
EndGlobal
