
Microsoft Visual Studio Solution File, Format Version 12.00
# Visual Studio Version 17
VisualStudioVersion = 17.10.35122.118
MinimumVisualStudioVersion = 10.0.40219.1
Project("{FAE04EC0-301F-11D3-BF4B-00C04F79EFBC}") = "ujablakbekeres", "ujablakbekeres\ujablakbekeres.csproj", "{D879978F-0E52-4434-B48F-5480250759CB}"
EndProject
Global
	GlobalSection(SolutionConfigurationPlatforms) = preSolution
		Debug|Any CPU = Debug|Any CPU
		Release|Any CPU = Release|Any CPU
	EndGlobalSection
	GlobalSection(ProjectConfigurationPlatforms) = postSolution
		{D879978F-0E52-4434-B48F-5480250759CB}.Debug|Any CPU.ActiveCfg = Debug|Any CPU
		{D879978F-0E52-4434-B48F-5480250759CB}.Debug|Any CPU.Build.0 = Debug|Any CPU
		{D879978F-0E52-4434-B48F-5480250759CB}.Release|Any CPU.ActiveCfg = Release|Any CPU
		{D879978F-0E52-4434-B48F-5480250759CB}.Release|Any CPU.Build.0 = Release|Any CPU
	EndGlobalSection
	GlobalSection(SolutionProperties) = preSolution
		HideSolutionNode = FALSE
	EndGlobalSection
	GlobalSection(ExtensibilityGlobals) = postSolution
		SolutionGuid = {B4F5DFF3-9166-4F44-B64D-CE38804F015B}
	EndGlobalSection
EndGlobal
