
Microsoft Visual Studio Solution File, Format Version 12.00
# Visual Studio Version 17
VisualStudioVersion = 17.10.35122.118
MinimumVisualStudioVersion = 10.0.40219.1
Project("{FAE04EC0-301F-11D3-BF4B-00C04F79EFBC}") = "11.07 gyak", "11.07 gyak\11.07 gyak.csproj", "{84558AC3-2AFB-4C98-8E70-5A84D5552216}"
EndProject
Global
	GlobalSection(SolutionConfigurationPlatforms) = preSolution
		Debug|Any CPU = Debug|Any CPU
		Release|Any CPU = Release|Any CPU
	EndGlobalSection
	GlobalSection(ProjectConfigurationPlatforms) = postSolution
		{84558AC3-2AFB-4C98-8E70-5A84D5552216}.Debug|Any CPU.ActiveCfg = Debug|Any CPU
		{84558AC3-2AFB-4C98-8E70-5A84D5552216}.Debug|Any CPU.Build.0 = Debug|Any CPU
		{84558AC3-2AFB-4C98-8E70-5A84D5552216}.Release|Any CPU.ActiveCfg = Release|Any CPU
		{84558AC3-2AFB-4C98-8E70-5A84D5552216}.Release|Any CPU.Build.0 = Release|Any CPU
	EndGlobalSection
	GlobalSection(SolutionProperties) = preSolution
		HideSolutionNode = FALSE
	EndGlobalSection
	GlobalSection(ExtensibilityGlobals) = postSolution
		SolutionGuid = {C0A60278-4330-4642-9090-1DA2897D0E64}
	EndGlobalSection
EndGlobal
