
Microsoft Visual Studio Solution File, Format Version 12.00
# Visual Studio Version 17
VisualStudioVersion = 17.10.35122.118
MinimumVisualStudioVersion = 10.0.40219.1
Project("{FAE04EC0-301F-11D3-BF4B-00C04F79EFBC}") = "Szogenerator", "Szogenerator\Szogenerator.csproj", "{781B06E3-FC7F-4CCD-912D-FD4520DBB223}"
EndProject
Global
	GlobalSection(SolutionConfigurationPlatforms) = preSolution
		Debug|Any CPU = Debug|Any CPU
		Release|Any CPU = Release|Any CPU
	EndGlobalSection
	GlobalSection(ProjectConfigurationPlatforms) = postSolution
		{781B06E3-FC7F-4CCD-912D-FD4520DBB223}.Debug|Any CPU.ActiveCfg = Debug|Any CPU
		{781B06E3-FC7F-4CCD-912D-FD4520DBB223}.Debug|Any CPU.Build.0 = Debug|Any CPU
		{781B06E3-FC7F-4CCD-912D-FD4520DBB223}.Release|Any CPU.ActiveCfg = Release|Any CPU
		{781B06E3-FC7F-4CCD-912D-FD4520DBB223}.Release|Any CPU.Build.0 = Release|Any CPU
	EndGlobalSection
	GlobalSection(SolutionProperties) = preSolution
		HideSolutionNode = FALSE
	EndGlobalSection
	GlobalSection(ExtensibilityGlobals) = postSolution
		SolutionGuid = {E456F46A-65D3-48BE-BAAC-B98DADE6EE74}
	EndGlobalSection
EndGlobal
